
Microsoft Visual Studio Solution File, Format Version 12.00
# Visual Studio Version 16
VisualStudioVersion = 16.0.32106.194
MinimumVisualStudioVersion = 10.0.40219.1
Project("{9A19103F-16F7-4668-BE54-9A1E7A4F7556}") = "LoopsAndRandomNumbers", "LoopsAndRandomNumbers\LoopsAndRandomNumbers.csproj", "{84363740-674A-4BDB-845E-26DF3C06257E}"
EndProject
Project("{9A19103F-16F7-4668-BE54-9A1E7A4F7556}") = "PINinfiniteLoop", "ConsoleApp1\PINinfiniteLoop.csproj", "{CCB1A49D-6187-4DE2-81B6-1559B002998C}"
EndProject
Project("{9A19103F-16F7-4668-BE54-9A1E7A4F7556}") = "RandamNumber", "RandamNumber\RandamNumber.csproj", "{5FB536CD-CC11-4A99-80EA-04C37E05487F}"
EndProject
Project("{FAE04EC0-301F-11D3-BF4B-00C04F79EFBC}") = "GuessingGameThreeTries", "GuessingGameThreeTries\GuessingGameThreeTries.csproj", "{3E06C9BE-C159-4348-88FC-606FFA3FA751}"
EndProject
Project("{FAE04EC0-301F-11D3-BF4B-00C04F79EFBC}") = "GuessingGameinfinite", "GuessingGameinfinite\GuessingGameinfinite.csproj", "{450893DE-93FB-4FB4-92EB-9FB8B19F83D2}"
EndProject
Global
	GlobalSection(SolutionConfigurationPlatforms) = preSolution
		Debug|Any CPU = Debug|Any CPU
		Release|Any CPU = Release|Any CPU
	EndGlobalSection
	GlobalSection(ProjectConfigurationPlatforms) = postSolution
		{84363740-674A-4BDB-845E-26DF3C06257E}.Debug|Any CPU.ActiveCfg = Debug|Any CPU
		{84363740-674A-4BDB-845E-26DF3C06257E}.Debug|Any CPU.Build.0 = Debug|Any CPU
		{84363740-674A-4BDB-845E-26DF3C06257E}.Release|Any CPU.ActiveCfg = Release|Any CPU
		{84363740-674A-4BDB-845E-26DF3C06257E}.Release|Any CPU.Build.0 = Release|Any CPU
		{CCB1A49D-6187-4DE2-81B6-1559B002998C}.Debug|Any CPU.ActiveCfg = Debug|Any CPU
		{CCB1A49D-6187-4DE2-81B6-1559B002998C}.Debug|Any CPU.Build.0 = Debug|Any CPU
		{CCB1A49D-6187-4DE2-81B6-1559B002998C}.Release|Any CPU.ActiveCfg = Release|Any CPU
		{CCB1A49D-6187-4DE2-81B6-1559B002998C}.Release|Any CPU.Build.0 = Release|Any CPU
		{5FB536CD-CC11-4A99-80EA-04C37E05487F}.Debug|Any CPU.ActiveCfg = Debug|Any CPU
		{5FB536CD-CC11-4A99-80EA-04C37E05487F}.Debug|Any CPU.Build.0 = Debug|Any CPU
		{5FB536CD-CC11-4A99-80EA-04C37E05487F}.Release|Any CPU.ActiveCfg = Release|Any CPU
		{5FB536CD-CC11-4A99-80EA-04C37E05487F}.Release|Any CPU.Build.0 = Release|Any CPU
		{3E06C9BE-C159-4348-88FC-606FFA3FA751}.Debug|Any CPU.ActiveCfg = Debug|Any CPU
		{3E06C9BE-C159-4348-88FC-606FFA3FA751}.Debug|Any CPU.Build.0 = Debug|Any CPU
		{3E06C9BE-C159-4348-88FC-606FFA3FA751}.Release|Any CPU.ActiveCfg = Release|Any CPU
		{3E06C9BE-C159-4348-88FC-606FFA3FA751}.Release|Any CPU.Build.0 = Release|Any CPU
		{450893DE-93FB-4FB4-92EB-9FB8B19F83D2}.Debug|Any CPU.ActiveCfg = Debug|Any CPU
		{450893DE-93FB-4FB4-92EB-9FB8B19F83D2}.Debug|Any CPU.Build.0 = Debug|Any CPU
		{450893DE-93FB-4FB4-92EB-9FB8B19F83D2}.Release|Any CPU.ActiveCfg = Release|Any CPU
		{450893DE-93FB-4FB4-92EB-9FB8B19F83D2}.Release|Any CPU.Build.0 = Release|Any CPU
	EndGlobalSection
	GlobalSection(SolutionProperties) = preSolution
		HideSolutionNode = FALSE
	EndGlobalSection
	GlobalSection(ExtensibilityGlobals) = postSolution
		SolutionGuid = {F7614EE4-3C9D-4E5E-98FA-5742732DE557}
	EndGlobalSection
EndGlobal
